
Microsoft Visual Studio Solution File, Format Version 11.00
# Visual Studio 2010
Project("{FAE04EC0-301F-11D3-BF4B-00C04F79EFBC}") = "MTD", "MTD\MTD.csproj", "{BE87B87E-F088-47C6-A790-8C82BDF1A324}"
EndProject
Global
	GlobalSection(SolutionConfigurationPlatforms) = preSolution
		Debug|Any CPU = Debug|Any CPU
		Release|Any CPU = Release|Any CPU
	EndGlobalSection
	GlobalSection(ProjectConfigurationPlatforms) = postSolution
		{BE87B87E-F088-47C6-A790-8C82BDF1A324}.Debug|Any CPU.ActiveCfg = Debug|Any CPU
		{BE87B87E-F088-47C6-A790-8C82BDF1A324}.Debug|Any CPU.Build.0 = Debug|Any CPU
		{BE87B87E-F088-47C6-A790-8C82BDF1A324}.Release|Any CPU.ActiveCfg = Release|Any CPU
		{BE87B87E-F088-47C6-A790-8C82BDF1A324}.Release|Any CPU.Build.0 = Release|Any CPU
	EndGlobalSection
	GlobalSection(SolutionProperties) = preSolution
		HideSolutionNode = FALSE
	EndGlobalSection
EndGlobal
